// !$*UTF8*$!
{
	archiveVersion = 1;
	classes = {
	};
	objectVersion = 46;
	objects = {

/* Begin PBXBuildFile section */
		C2080DB416F726B00028CF9A /* main.cpp in Sources */ = {isa = PBXBuildFile; fileRef = C2DD4CF716F25067005F36B3 /* main.cpp */; };
		C2080DB616F726E20028CF9A /* Timer.cpp in Sources */ = {isa = PBXBuildFile; fileRef = C2DD4D2416F3570A005F36B3 /* Timer.cpp */; };
		C2080DB916F729370028CF9A /* Board.cpp in Sources */ = {isa = PBXBuildFile; fileRef = C2080DB716F729370028CF9A /* Board.cpp */; };
		C2080DBC16F729B20028CF9A /* Block.cpp in Sources */ = {isa = PBXBuildFile; fileRef = C2080DBA16F729B20028CF9A /* Block.cpp */; };
		C2080DBF16F72A050028CF9A /* Tetrimino.cpp in Sources */ = {isa = PBXBuildFile; fileRef = C2080DBD16F72A050028CF9A /* Tetrimino.cpp */; };
		C2080DC216F72F690028CF9A /* Constants.cpp in Sources */ = {isa = PBXBuildFile; fileRef = C2080DC016F72F690028CF9A /* Constants.cpp */; };
		C20CF58116FE4A320088459F /* Bag.cpp in Sources */ = {isa = PBXBuildFile; fileRef = C20CF57F16FE4A320088459F /* Bag.cpp */; };
		C20CF5A81700F3220088459F /* GameEngine.cpp in Sources */ = {isa = PBXBuildFile; fileRef = C20CF5A61700F3220088459F /* GameEngine.cpp */; };
		C20CF5AC17010F620088459F /* PlayState.cpp in Sources */ = {isa = PBXBuildFile; fileRef = C20CF5AA17010F620088459F /* PlayState.cpp */; };
		C20CF5B617015B710088459F /* MenuState.cpp in Sources */ = {isa = PBXBuildFile; fileRef = C20CF5B417015B710088459F /* MenuState.cpp */; };
		C20CF5B917015CEE0088459F /* PauseState.cpp in Sources */ = {isa = PBXBuildFile; fileRef = C20CF5B717015CED0088459F /* PauseState.cpp */; };
		C20CF5BC17015CFD0088459F /* GameOverState.cpp in Sources */ = {isa = PBXBuildFile; fileRef = C20CF5BA17015CFD0088459F /* GameOverState.cpp */; };
		C23704E31702754400E4AC5D /* ghostblock.png in Resources */ = {isa = PBXBuildFile; fileRef = C23704E21702754400E4AC5D /* ghostblock.png */; };
		C23704E41702755100E4AC5D /* ghostblock.png in CopyFiles */ = {isa = PBXBuildFile; fileRef = C23704E21702754400E4AC5D /* ghostblock.png */; };
		C240036B17123FA2003BF14B /* bloxIcon.icns in Resources */ = {isa = PBXBuildFile; fileRef = C240036A17123FA2003BF14B /* bloxIcon.icns */; };
		C240036C17124305003BF14B /* libSDL_ttf-2.0.0.dylib in CopyFiles */ = {isa = PBXBuildFile; fileRef = C2DD4D0716F2D30C005F36B3 /* libSDL_ttf-2.0.0.dylib */; };
		C24003701714E970003BF14B /* SoundAssetCache.cpp in Sources */ = {isa = PBXBuildFile; fileRef = C240036E1714E970003BF14B /* SoundAssetCache.cpp */; };
		C2728A2E1705959C00284863 /* November.ttf in Resources */ = {isa = PBXBuildFile; fileRef = C2728A2D1705959C00284863 /* November.ttf */; };
		C2728A2F170595A900284863 /* November.ttf in CopyFiles */ = {isa = PBXBuildFile; fileRef = C2728A2D1705959C00284863 /* November.ttf */; };
		C276DA7616FB9CC2005A4DFC /* gameover.png in Resources */ = {isa = PBXBuildFile; fileRef = C276DA7516FB9CC2005A4DFC /* gameover.png */; };
		C276DA7916FB9CD6005A4DFC /* boardoutline.png in Resources */ = {isa = PBXBuildFile; fileRef = C276DA7716FB9CD6005A4DFC /* boardoutline.png */; };
		C276DA7A16FB9CD6005A4DFC /* boardtile.png in Resources */ = {isa = PBXBuildFile; fileRef = C276DA7816FB9CD6005A4DFC /* boardtile.png */; };
		C276DA7B16FB9CE2005A4DFC /* boardoutline.png in CopyFiles */ = {isa = PBXBuildFile; fileRef = C276DA7716FB9CD6005A4DFC /* boardoutline.png */; };
		C276DA7C16FB9CE8005A4DFC /* boardtile.png in CopyFiles */ = {isa = PBXBuildFile; fileRef = C276DA7816FB9CD6005A4DFC /* boardtile.png */; };
		C276DA7D16FB9CEE005A4DFC /* gameover.png in CopyFiles */ = {isa = PBXBuildFile; fileRef = C276DA7516FB9CC2005A4DFC /* gameover.png */; };
		C276DA7F16FB9D56005A4DFC /* paused.png in Resources */ = {isa = PBXBuildFile; fileRef = C276DA7E16FB9D56005A4DFC /* paused.png */; };
		C276DA8016FB9D5C005A4DFC /* paused.png in CopyFiles */ = {isa = PBXBuildFile; fileRef = C276DA7E16FB9D56005A4DFC /* paused.png */; };
		C276DA8216FBBD1A005A4DFC /* menu.png in Resources */ = {isa = PBXBuildFile; fileRef = C276DA8116FBBD1A005A4DFC /* menu.png */; };
		C276DA8416FBBD2B005A4DFC /* menu.png in CopyFiles */ = {isa = PBXBuildFile; fileRef = C276DA8116FBBD1A005A4DFC /* menu.png */; };
		C2A37D7716F24F1B00ED5820 /* Cocoa.framework in Frameworks */ = {isa = PBXBuildFile; fileRef = C2A37D7616F24F1B00ED5820 /* Cocoa.framework */; };
		C2A37D8116F24F1B00ED5820 /* InfoPlist.strings in Resources */ = {isa = PBXBuildFile; fileRef = C2A37D7F16F24F1B00ED5820 /* InfoPlist.strings */; };
		C2A37D8716F24F1B00ED5820 /* Credits.rtf in Resources */ = {isa = PBXBuildFile; fileRef = C2A37D8516F24F1B00ED5820 /* Credits.rtf */; };
		C2D5411F17090EB000AB642A /* tetris.ogg in Resources */ = {isa = PBXBuildFile; fileRef = C2D5411E17090EB000AB642A /* tetris.ogg */; };
		C2D5412317090EEE00AB642A /* tetris.ogg in CopyFiles */ = {isa = PBXBuildFile; fileRef = C2D5411E17090EB000AB642A /* tetris.ogg */; };
		C2D5412517091EA100AB642A /* SDL_mixer.framework in Frameworks */ = {isa = PBXBuildFile; fileRef = C2D5412417091EA100AB642A /* SDL_mixer.framework */; };
		C2D5412617091F2B00AB642A /* SDL_mixer.framework in CopyFiles */ = {isa = PBXBuildFile; fileRef = C2D5412417091EA100AB642A /* SDL_mixer.framework */; };
		C2D5412A17094BDF00AB642A /* SDLAudio.cpp in Sources */ = {isa = PBXBuildFile; fileRef = C2D5412817094BDF00AB642A /* SDLAudio.cpp */; };
		C2D5412D170954E900AB642A /* Locator.cpp in Sources */ = {isa = PBXBuildFile; fileRef = C2D5412B170954E800AB642A /* Locator.cpp */; };
		C2D54166170EEAAD00AB642A /* harddrop.wav in Resources */ = {isa = PBXBuildFile; fileRef = C2D54162170EEAAD00AB642A /* harddrop.wav */; };
		C2D54167170EEAAD00AB642A /* lineclear.wav in Resources */ = {isa = PBXBuildFile; fileRef = C2D54163170EEAAD00AB642A /* lineclear.wav */; };
		C2D54168170EEAAD00AB642A /* tmove.wav in Resources */ = {isa = PBXBuildFile; fileRef = C2D54164170EEAAD00AB642A /* tmove.wav */; };
		C2D54169170EEAAD00AB642A /* trotate.wav in Resources */ = {isa = PBXBuildFile; fileRef = C2D54165170EEAAD00AB642A /* trotate.wav */; };
		C2D5416A170EEAB400AB642A /* harddrop.wav in CopyFiles */ = {isa = PBXBuildFile; fileRef = C2D54162170EEAAD00AB642A /* harddrop.wav */; };
		C2D5416B170EEAB600AB642A /* lineclear.wav in CopyFiles */ = {isa = PBXBuildFile; fileRef = C2D54163170EEAAD00AB642A /* lineclear.wav */; };
		C2D5416C170EEABD00AB642A /* tmove.wav in CopyFiles */ = {isa = PBXBuildFile; fileRef = C2D54164170EEAAD00AB642A /* tmove.wav */; };
		C2D5416D170EEABE00AB642A /* trotate.wav in CopyFiles */ = {isa = PBXBuildFile; fileRef = C2D54165170EEAAD00AB642A /* trotate.wav */; };
		C2DD4CFB16F2507F005F36B3 /* SDL_image.framework in Frameworks */ = {isa = PBXBuildFile; fileRef = C2DD4CF916F2507F005F36B3 /* SDL_image.framework */; };
		C2DD4CFC16F2507F005F36B3 /* SDL.framework in Frameworks */ = {isa = PBXBuildFile; fileRef = C2DD4CFA16F2507F005F36B3 /* SDL.framework */; };
		C2DD4CFE16F25091005F36B3 /* SDL_image.framework in CopyFiles */ = {isa = PBXBuildFile; fileRef = C2DD4CF916F2507F005F36B3 /* SDL_image.framework */; };
		C2DD4CFF16F25091005F36B3 /* SDL.framework in CopyFiles */ = {isa = PBXBuildFile; fileRef = C2DD4CFA16F2507F005F36B3 /* SDL.framework */; };
		C2DD4D0216F250E1005F36B3 /* SDLMain.m in Sources */ = {isa = PBXBuildFile; fileRef = C2DD4D0116F250E1005F36B3 /* SDLMain.m */; };
		C2DD4D0816F2D30C005F36B3 /* libSDL_ttf-2.0.0.dylib in Frameworks */ = {isa = PBXBuildFile; fileRef = C2DD4D0716F2D30C005F36B3 /* libSDL_ttf-2.0.0.dylib */; settings = {ATTRIBUTES = (Required, ); }; };
		C2DD4D4716F62131005F36B3 /* blueblock.png in CopyFiles */ = {isa = PBXBuildFile; fileRef = C2DD4D3D16F62107005F36B3 /* blueblock.png */; };
		C2DD4D4916F62137005F36B3 /* greenblock.png in CopyFiles */ = {isa = PBXBuildFile; fileRef = C2DD4D3F16F62107005F36B3 /* greenblock.png */; };
		C2DD4D4A16F62139005F36B3 /* purpleblock.png in CopyFiles */ = {isa = PBXBuildFile; fileRef = C2DD4D4016F62107005F36B3 /* purpleblock.png */; };
		C2DD4D5316F63A5E005F36B3 /* cyanblock.png in CopyFiles */ = {isa = PBXBuildFile; fileRef = C2DD4D4B16F63A4A005F36B3 /* cyanblock.png */; };
		C2DD4D5416F63A60005F36B3 /* orangeblock.png in CopyFiles */ = {isa = PBXBuildFile; fileRef = C2DD4D4C16F63A4A005F36B3 /* orangeblock.png */; };
		C2DD4D5516F63A61005F36B3 /* redblock.png in CopyFiles */ = {isa = PBXBuildFile; fileRef = C2DD4D4D16F63A4A005F36B3 /* redblock.png */; };
		C2DD4D5616F63A63005F36B3 /* yellowblock.png in CopyFiles */ = {isa = PBXBuildFile; fileRef = C2DD4D4E16F63A4A005F36B3 /* yellowblock.png */; };
/* End PBXBuildFile section */

/* Begin PBXCopyFilesBuildPhase section */
		C2D5411C17090C1F00AB642A /* CopyFiles */ = {
			isa = PBXCopyFilesBuildPhase;
			buildActionMask = 2147483647;
			dstPath = audio;
			dstSubfolderSpec = 7;
			files = (
				C2D5412317090EEE00AB642A /* tetris.ogg in CopyFiles */,
				C2D5416C170EEABD00AB642A /* tmove.wav in CopyFiles */,
				C2D5416D170EEABE00AB642A /* trotate.wav in CopyFiles */,
				C2D5416A170EEAB400AB642A /* harddrop.wav in CopyFiles */,
				C2D5416B170EEAB600AB642A /* lineclear.wav in CopyFiles */,
			);
			runOnlyForDeploymentPostprocessing = 0;
		};
		C2DD4CFD16F2508C005F36B3 /* CopyFiles */ = {
			isa = PBXCopyFilesBuildPhase;
			buildActionMask = 2147483647;
			dstPath = "";
			dstSubfolderSpec = 10;
			files = (
				C2DD4CFE16F25091005F36B3 /* SDL_image.framework in CopyFiles */,
				C240036C17124305003BF14B /* libSDL_ttf-2.0.0.dylib in CopyFiles */,
				C2DD4CFF16F25091005F36B3 /* SDL.framework in CopyFiles */,
				C2D5412617091F2B00AB642A /* SDL_mixer.framework in CopyFiles */,
			);
			runOnlyForDeploymentPostprocessing = 0;
		};
		C2DD4D0316F2D013005F36B3 /* CopyFiles */ = {
			isa = PBXCopyFilesBuildPhase;
			buildActionMask = 2147483647;
			dstPath = font;
			dstSubfolderSpec = 7;
			files = (
				C2728A2F170595A900284863 /* November.ttf in CopyFiles */,
			);
			runOnlyForDeploymentPostprocessing = 0;
		};
		C2DD4D1F16F318C8005F36B3 /* CopyFiles */ = {
			isa = PBXCopyFilesBuildPhase;
			buildActionMask = 2147483647;
			dstPath = img;
			dstSubfolderSpec = 7;
			files = (
				C2DD4D4716F62131005F36B3 /* blueblock.png in CopyFiles */,
				C2DD4D4A16F62139005F36B3 /* purpleblock.png in CopyFiles */,
				C2DD4D5516F63A61005F36B3 /* redblock.png in CopyFiles */,
				C276DA8016FB9D5C005A4DFC /* paused.png in CopyFiles */,
				C276DA7C16FB9CE8005A4DFC /* boardtile.png in CopyFiles */,
				C276DA7B16FB9CE2005A4DFC /* boardoutline.png in CopyFiles */,
				C276DA8416FBBD2B005A4DFC /* menu.png in CopyFiles */,
				C276DA7D16FB9CEE005A4DFC /* gameover.png in CopyFiles */,
				C23704E41702755100E4AC5D /* ghostblock.png in CopyFiles */,
				C2DD4D5616F63A63005F36B3 /* yellowblock.png in CopyFiles */,
				C2DD4D5416F63A60005F36B3 /* orangeblock.png in CopyFiles */,
				C2DD4D5316F63A5E005F36B3 /* cyanblock.png in CopyFiles */,
				C2DD4D4916F62137005F36B3 /* greenblock.png in CopyFiles */,
			);
			runOnlyForDeploymentPostprocessing = 0;
		};
/* End PBXCopyFilesBuildPhase section */

/* Begin PBXFileReference section */
		C2080DB716F729370028CF9A /* Board.cpp */ = {isa = PBXFileReference; fileEncoding = 4; lastKnownFileType = sourcecode.cpp.cpp; path = Board.cpp; sourceTree = "<group>"; };
		C2080DB816F729370028CF9A /* Board.h */ = {isa = PBXFileReference; fileEncoding = 4; lastKnownFileType = sourcecode.c.h; path = Board.h; sourceTree = "<group>"; };
		C2080DBA16F729B20028CF9A /* Block.cpp */ = {isa = PBXFileReference; fileEncoding = 4; lastKnownFileType = sourcecode.cpp.cpp; path = Block.cpp; sourceTree = "<group>"; };
		C2080DBB16F729B20028CF9A /* Block.h */ = {isa = PBXFileReference; fileEncoding = 4; lastKnownFileType = sourcecode.c.h; path = Block.h; sourceTree = "<group>"; };
		C2080DBD16F72A050028CF9A /* Tetrimino.cpp */ = {isa = PBXFileReference; fileEncoding = 4; lastKnownFileType = sourcecode.cpp.cpp; path = Tetrimino.cpp; sourceTree = "<group>"; };
		C2080DBE16F72A050028CF9A /* Tetrimino.h */ = {isa = PBXFileReference; fileEncoding = 4; lastKnownFileType = sourcecode.c.h; path = Tetrimino.h; sourceTree = "<group>"; };
		C2080DC016F72F690028CF9A /* Constants.cpp */ = {isa = PBXFileReference; fileEncoding = 4; lastKnownFileType = sourcecode.cpp.cpp; path = Constants.cpp; sourceTree = "<group>"; };
		C2080DC116F72F690028CF9A /* Constants.h */ = {isa = PBXFileReference; fileEncoding = 4; lastKnownFileType = sourcecode.c.h; path = Constants.h; sourceTree = "<group>"; };
		C20CF57F16FE4A320088459F /* Bag.cpp */ = {isa = PBXFileReference; fileEncoding = 4; lastKnownFileType = sourcecode.cpp.cpp; path = Bag.cpp; sourceTree = "<group>"; };
		C20CF58016FE4A320088459F /* Bag.h */ = {isa = PBXFileReference; fileEncoding = 4; lastKnownFileType = sourcecode.c.h; path = Bag.h; sourceTree = "<group>"; };
		C20CF5A61700F3220088459F /* GameEngine.cpp */ = {isa = PBXFileReference; fileEncoding = 4; lastKnownFileType = sourcecode.cpp.cpp; path = GameEngine.cpp; sourceTree = "<group>"; };
		C20CF5A71700F3220088459F /* GameEngine.h */ = {isa = PBXFileReference; fileEncoding = 4; lastKnownFileType = sourcecode.c.h; path = GameEngine.h; sourceTree = "<group>"; };
		C20CF5A91700F52F0088459F /* GameState.h */ = {isa = PBXFileReference; lastKnownFileType = sourcecode.c.h; path = GameState.h; sourceTree = "<group>"; };
		C20CF5AA17010F620088459F /* PlayState.cpp */ = {isa = PBXFileReference; fileEncoding = 4; lastKnownFileType = sourcecode.cpp.cpp; path = PlayState.cpp; sourceTree = "<group>"; };
		C20CF5AB17010F620088459F /* PlayState.h */ = {isa = PBXFileReference; fileEncoding = 4; lastKnownFileType = sourcecode.c.h; path = PlayState.h; sourceTree = "<group>"; };
		C20CF5B417015B710088459F /* MenuState.cpp */ = {isa = PBXFileReference; fileEncoding = 4; lastKnownFileType = sourcecode.cpp.cpp; path = MenuState.cpp; sourceTree = "<group>"; };
		C20CF5B517015B710088459F /* MenuState.h */ = {isa = PBXFileReference; fileEncoding = 4; lastKnownFileType = sourcecode.c.h; path = MenuState.h; sourceTree = "<group>"; };
		C20CF5B717015CED0088459F /* PauseState.cpp */ = {isa = PBXFileReference; fileEncoding = 4; lastKnownFileType = sourcecode.cpp.cpp; path = PauseState.cpp; sourceTree = "<group>"; };
		C20CF5B817015CED0088459F /* PauseState.h */ = {isa = PBXFileReference; fileEncoding = 4; lastKnownFileType = sourcecode.c.h; path = PauseState.h; sourceTree = "<group>"; };
		C20CF5BA17015CFD0088459F /* GameOverState.cpp */ = {isa = PBXFileReference; fileEncoding = 4; lastKnownFileType = sourcecode.cpp.cpp; path = GameOverState.cpp; sourceTree = "<group>"; };
		C20CF5BB17015CFD0088459F /* GameOverState.h */ = {isa = PBXFileReference; fileEncoding = 4; lastKnownFileType = sourcecode.c.h; path = GameOverState.h; sourceTree = "<group>"; };
		C23704E21702754400E4AC5D /* ghostblock.png */ = {isa = PBXFileReference; lastKnownFileType = image.png; name = ghostblock.png; path = assets/img/ghostblock.png; sourceTree = "<group>"; };
		C240036A17123FA2003BF14B /* bloxIcon.icns */ = {isa = PBXFileReference; lastKnownFileType = image.icns; name = bloxIcon.icns; path = ../bloxIcon.icns; sourceTree = "<group>"; };
		C240036D17149286003BF14B /* NullAudio.h */ = {isa = PBXFileReference; lastKnownFileType = sourcecode.c.h; path = NullAudio.h; sourceTree = "<group>"; };
		C240036E1714E970003BF14B /* SoundAssetCache.cpp */ = {isa = PBXFileReference; fileEncoding = 4; lastKnownFileType = sourcecode.cpp.cpp; path = SoundAssetCache.cpp; sourceTree = "<group>"; };
		C240036F1714E970003BF14B /* SoundAssetCache.h */ = {isa = PBXFileReference; fileEncoding = 4; lastKnownFileType = sourcecode.c.h; path = SoundAssetCache.h; sourceTree = "<group>"; };
		C2728A2D1705959C00284863 /* November.ttf */ = {isa = PBXFileReference; lastKnownFileType = file; name = November.ttf; path = assets/font/November.ttf; sourceTree = "<group>"; };
		C276DA7516FB9CC2005A4DFC /* gameover.png */ = {isa = PBXFileReference; lastKnownFileType = image.png; name = gameover.png; path = assets/img/gameover.png; sourceTree = "<group>"; };
		C276DA7716FB9CD6005A4DFC /* boardoutline.png */ = {isa = PBXFileReference; lastKnownFileType = image.png; name = boardoutline.png; path = assets/img/boardoutline.png; sourceTree = "<group>"; };
		C276DA7816FB9CD6005A4DFC /* boardtile.png */ = {isa = PBXFileReference; lastKnownFileType = image.png; name = boardtile.png; path = assets/img/boardtile.png; sourceTree = "<group>"; };
		C276DA7E16FB9D56005A4DFC /* paused.png */ = {isa = PBXFileReference; lastKnownFileType = image.png; name = paused.png; path = assets/img/paused.png; sourceTree = "<group>"; };
		C276DA8116FBBD1A005A4DFC /* menu.png */ = {isa = PBXFileReference; lastKnownFileType = image.png; name = menu.png; path = assets/img/menu.png; sourceTree = "<group>"; };
		C2A37D7316F24F1B00ED5820 /* Tetris.app */ = {isa = PBXFileReference; explicitFileType = wrapper.application; includeInIndex = 0; path = Tetris.app; sourceTree = BUILT_PRODUCTS_DIR; };
		C2A37D7616F24F1B00ED5820 /* Cocoa.framework */ = {isa = PBXFileReference; lastKnownFileType = wrapper.framework; name = Cocoa.framework; path = System/Library/Frameworks/Cocoa.framework; sourceTree = SDKROOT; };
		C2A37D7916F24F1B00ED5820 /* AppKit.framework */ = {isa = PBXFileReference; lastKnownFileType = wrapper.framework; name = AppKit.framework; path = System/Library/Frameworks/AppKit.framework; sourceTree = SDKROOT; };
		C2A37D7A16F24F1B00ED5820 /* CoreData.framework */ = {isa = PBXFileReference; lastKnownFileType = wrapper.framework; name = CoreData.framework; path = System/Library/Frameworks/CoreData.framework; sourceTree = SDKROOT; };
		C2A37D7B16F24F1B00ED5820 /* Foundation.framework */ = {isa = PBXFileReference; lastKnownFileType = wrapper.framework; name = Foundation.framework; path = System/Library/Frameworks/Foundation.framework; sourceTree = SDKROOT; };
		C2A37D7E16F24F1B00ED5820 /* Tetris-Info.plist */ = {isa = PBXFileReference; lastKnownFileType = text.plist.xml; path = "Tetris-Info.plist"; sourceTree = "<group>"; };
		C2A37D8016F24F1B00ED5820 /* en */ = {isa = PBXFileReference; lastKnownFileType = text.plist.strings; name = en; path = en.lproj/InfoPlist.strings; sourceTree = "<group>"; };
		C2A37D8416F24F1B00ED5820 /* Tetris-Prefix.pch */ = {isa = PBXFileReference; lastKnownFileType = sourcecode.c.h; path = "Tetris-Prefix.pch"; sourceTree = "<group>"; };
		C2A37D8616F24F1B00ED5820 /* en */ = {isa = PBXFileReference; lastKnownFileType = text.rtf; name = en; path = en.lproj/Credits.rtf; sourceTree = "<group>"; };
		C2D5411E17090EB000AB642A /* tetris.ogg */ = {isa = PBXFileReference; lastKnownFileType = file; name = tetris.ogg; path = assets/audio/tetris.ogg; sourceTree = "<group>"; };
		C2D5412417091EA100AB642A /* SDL_mixer.framework */ = {isa = PBXFileReference; lastKnownFileType = wrapper.framework; name = SDL_mixer.framework; path = /Library/Frameworks/SDL_mixer.framework; sourceTree = "<absolute>"; };
		C2D5412717094A4400AB642A /* IAudio.h */ = {isa = PBXFileReference; lastKnownFileType = sourcecode.c.h; path = IAudio.h; sourceTree = "<group>"; };
		C2D5412817094BDF00AB642A /* SDLAudio.cpp */ = {isa = PBXFileReference; fileEncoding = 4; lastKnownFileType = sourcecode.cpp.cpp; path = SDLAudio.cpp; sourceTree = "<group>"; };
		C2D5412917094BDF00AB642A /* SDLAudio.h */ = {isa = PBXFileReference; fileEncoding = 4; lastKnownFileType = sourcecode.c.h; path = SDLAudio.h; sourceTree = "<group>"; };
		C2D5412B170954E800AB642A /* Locator.cpp */ = {isa = PBXFileReference; fileEncoding = 4; lastKnownFileType = sourcecode.cpp.cpp; path = Locator.cpp; sourceTree = "<group>"; };
		C2D5412C170954E900AB642A /* Locator.h */ = {isa = PBXFileReference; fileEncoding = 4; lastKnownFileType = sourcecode.c.h; path = Locator.h; sourceTree = "<group>"; };
		C2D54162170EEAAD00AB642A /* harddrop.wav */ = {isa = PBXFileReference; lastKnownFileType = audio.wav; name = harddrop.wav; path = assets/audio/harddrop.wav; sourceTree = "<group>"; };
		C2D54163170EEAAD00AB642A /* lineclear.wav */ = {isa = PBXFileReference; lastKnownFileType = audio.wav; name = lineclear.wav; path = assets/audio/lineclear.wav; sourceTree = "<group>"; };
		C2D54164170EEAAD00AB642A /* tmove.wav */ = {isa = PBXFileReference; lastKnownFileType = audio.wav; name = tmove.wav; path = assets/audio/tmove.wav; sourceTree = "<group>"; };
		C2D54165170EEAAD00AB642A /* trotate.wav */ = {isa = PBXFileReference; lastKnownFileType = audio.wav; name = trotate.wav; path = assets/audio/trotate.wav; sourceTree = "<group>"; };
		C2DD4CF716F25067005F36B3 /* main.cpp */ = {isa = PBXFileReference; fileEncoding = 4; lastKnownFileType = sourcecode.cpp.cpp; path = main.cpp; sourceTree = "<group>"; };
		C2DD4CF916F2507F005F36B3 /* SDL_image.framework */ = {isa = PBXFileReference; lastKnownFileType = wrapper.framework; name = SDL_image.framework; path = /Library/Frameworks/SDL_image.framework; sourceTree = "<absolute>"; };
		C2DD4CFA16F2507F005F36B3 /* SDL.framework */ = {isa = PBXFileReference; lastKnownFileType = wrapper.framework; name = SDL.framework; path = /Library/Frameworks/SDL.framework; sourceTree = "<absolute>"; };
		C2DD4D0016F250E1005F36B3 /* SDLMain.h */ = {isa = PBXFileReference; fileEncoding = 4; lastKnownFileType = sourcecode.c.h; name = SDLMain.h; path = "/Library/Frameworks/SDL.framework/devel-lite/SDLMain.h"; sourceTree = "<absolute>"; };
		C2DD4D0116F250E1005F36B3 /* SDLMain.m */ = {isa = PBXFileReference; fileEncoding = 4; lastKnownFileType = sourcecode.c.objc; name = SDLMain.m; path = "/Library/Frameworks/SDL.framework/devel-lite/SDLMain.m"; sourceTree = "<absolute>"; };
		C2DD4D0716F2D30C005F36B3 /* libSDL_ttf-2.0.0.dylib */ = {isa = PBXFileReference; lastKnownFileType = "compiled.mach-o.dylib"; name = "libSDL_ttf-2.0.0.dylib"; path = "/usr/local/Cellar/sdl_ttf/2.0.11/lib/libSDL_ttf-2.0.0.dylib"; sourceTree = "<absolute>"; };
		C2DD4D2416F3570A005F36B3 /* Timer.cpp */ = {isa = PBXFileReference; fileEncoding = 4; lastKnownFileType = sourcecode.cpp.cpp; path = Timer.cpp; sourceTree = "<group>"; };
		C2DD4D2516F3570A005F36B3 /* Timer.h */ = {isa = PBXFileReference; fileEncoding = 4; lastKnownFileType = sourcecode.c.h; path = Timer.h; sourceTree = "<group>"; };
		C2DD4D3D16F62107005F36B3 /* blueblock.png */ = {isa = PBXFileReference; lastKnownFileType = image.png; name = blueblock.png; path = assets/img/blueblock.png; sourceTree = "<group>"; };
		C2DD4D3F16F62107005F36B3 /* greenblock.png */ = {isa = PBXFileReference; lastKnownFileType = image.png; name = greenblock.png; path = assets/img/greenblock.png; sourceTree = "<group>"; };
		C2DD4D4016F62107005F36B3 /* purpleblock.png */ = {isa = PBXFileReference; lastKnownFileType = image.png; name = purpleblock.png; path = assets/img/purpleblock.png; sourceTree = "<group>"; };
		C2DD4D4B16F63A4A005F36B3 /* cyanblock.png */ = {isa = PBXFileReference; lastKnownFileType = image.png; name = cyanblock.png; path = assets/img/cyanblock.png; sourceTree = "<group>"; };
		C2DD4D4C16F63A4A005F36B3 /* orangeblock.png */ = {isa = PBXFileReference; lastKnownFileType = image.png; name = orangeblock.png; path = assets/img/orangeblock.png; sourceTree = "<group>"; };
		C2DD4D4D16F63A4A005F36B3 /* redblock.png */ = {isa = PBXFileReference; lastKnownFileType = image.png; name = redblock.png; path = assets/img/redblock.png; sourceTree = "<group>"; };
		C2DD4D4E16F63A4A005F36B3 /* yellowblock.png */ = {isa = PBXFileReference; lastKnownFileType = image.png; name = yellowblock.png; path = assets/img/yellowblock.png; sourceTree = "<group>"; };
/* End PBXFileReference section */

/* Begin PBXFrameworksBuildPhase section */
		C2A37D7016F24F1B00ED5820 /* Frameworks */ = {
			isa = PBXFrameworksBuildPhase;
			buildActionMask = 2147483647;
			files = (
				C2DD4D0816F2D30C005F36B3 /* libSDL_ttf-2.0.0.dylib in Frameworks */,
				C2DD4CFB16F2507F005F36B3 /* SDL_image.framework in Frameworks */,
				C2DD4CFC16F2507F005F36B3 /* SDL.framework in Frameworks */,
				C2A37D7716F24F1B00ED5820 /* Cocoa.framework in Frameworks */,
				C2D5412517091EA100AB642A /* SDL_mixer.framework in Frameworks */,
			);
			runOnlyForDeploymentPostprocessing = 0;
		};
/* End PBXFrameworksBuildPhase section */

/* Begin PBXGroup section */
		C24003711714EAC9003BF14B /* Engine */ = {
			isa = PBXGroup;
			children = (
				C20CF5A61700F3220088459F /* GameEngine.cpp */,
				C20CF5A71700F3220088459F /* GameEngine.h */,
				C20CF5A91700F52F0088459F /* GameState.h */,
				C2D5412717094A4400AB642A /* IAudio.h */,
				C2D5412B170954E800AB642A /* Locator.cpp */,
				C2D5412C170954E900AB642A /* Locator.h */,
				C240036D17149286003BF14B /* NullAudio.h */,
				C2D5412817094BDF00AB642A /* SDLAudio.cpp */,
				C2D5412917094BDF00AB642A /* SDLAudio.h */,
				C240036E1714E970003BF14B /* SoundAssetCache.cpp */,
				C240036F1714E970003BF14B /* SoundAssetCache.h */,
				C2DD4D2416F3570A005F36B3 /* Timer.cpp */,
				C2DD4D2516F3570A005F36B3 /* Timer.h */,
			);
			name = Engine;
			sourceTree = "<group>";
		};
		C2A37D6A16F24F1B00ED5820 = {
			isa = PBXGroup;
			children = (
				C2A37D7C16F24F1B00ED5820 /* Tetris */,
				C2A37D7516F24F1B00ED5820 /* Frameworks */,
				C2A37D7416F24F1B00ED5820 /* Products */,
			);
			sourceTree = "<group>";
		};
		C2A37D7416F24F1B00ED5820 /* Products */ = {
			isa = PBXGroup;
			children = (
				C2A37D7316F24F1B00ED5820 /* Tetris.app */,
			);
			name = Products;
			sourceTree = "<group>";
		};
		C2A37D7516F24F1B00ED5820 /* Frameworks */ = {
			isa = PBXGroup;
			children = (
				C2D5412417091EA100AB642A /* SDL_mixer.framework */,
				C2DD4D0716F2D30C005F36B3 /* libSDL_ttf-2.0.0.dylib */,
				C2DD4CF916F2507F005F36B3 /* SDL_image.framework */,
				C2DD4CFA16F2507F005F36B3 /* SDL.framework */,
				C2A37D7616F24F1B00ED5820 /* Cocoa.framework */,
				C2A37D7816F24F1B00ED5820 /* Other Frameworks */,
			);
			name = Frameworks;
			sourceTree = "<group>";
		};
		C2A37D7816F24F1B00ED5820 /* Other Frameworks */ = {
			isa = PBXGroup;
			children = (
				C2A37D7916F24F1B00ED5820 /* AppKit.framework */,
				C2A37D7A16F24F1B00ED5820 /* CoreData.framework */,
				C2A37D7B16F24F1B00ED5820 /* Foundation.framework */,
			);
			name = "Other Frameworks";
			sourceTree = "<group>";
		};
		C2A37D7C16F24F1B00ED5820 /* Tetris */ = {
			isa = PBXGroup;
			children = (
				C24003711714EAC9003BF14B /* Engine */,
				C20CF57F16FE4A320088459F /* Bag.cpp */,
				C20CF58016FE4A320088459F /* Bag.h */,
				C2080DBA16F729B20028CF9A /* Block.cpp */,
				C2080DBB16F729B20028CF9A /* Block.h */,
				C2080DB716F729370028CF9A /* Board.cpp */,
				C2080DB816F729370028CF9A /* Board.h */,
				C2080DC016F72F690028CF9A /* Constants.cpp */,
				C2080DC116F72F690028CF9A /* Constants.h */,
				C20CF5BA17015CFD0088459F /* GameOverState.cpp */,
				C20CF5BB17015CFD0088459F /* GameOverState.h */,
				C2DD4CF716F25067005F36B3 /* main.cpp */,
				C20CF5B417015B710088459F /* MenuState.cpp */,
				C20CF5B517015B710088459F /* MenuState.h */,
				C20CF5B717015CED0088459F /* PauseState.cpp */,
				C20CF5B817015CED0088459F /* PauseState.h */,
				C20CF5AA17010F620088459F /* PlayState.cpp */,
				C20CF5AB17010F620088459F /* PlayState.h */,
				C2080DBD16F72A050028CF9A /* Tetrimino.cpp */,
				C2080DBE16F72A050028CF9A /* Tetrimino.h */,
				C2A37D7D16F24F1B00ED5820 /* Supporting Files */,
			);
			path = Tetris;
			sourceTree = "<group>";
		};
		C2A37D7D16F24F1B00ED5820 /* Supporting Files */ = {
			isa = PBXGroup;
			children = (
				C240036A17123FA2003BF14B /* bloxIcon.icns */,
				C2D5415F170EEA7900AB642A /* audio */,
				C2D54161170EEAA000AB642A /* font */,
				C2D54160170EEA8300AB642A /* img */,
				C2DD4D0016F250E1005F36B3 /* SDLMain.h */,
				C2DD4D0116F250E1005F36B3 /* SDLMain.m */,
				C2A37D7E16F24F1B00ED5820 /* Tetris-Info.plist */,
				C2A37D7F16F24F1B00ED5820 /* InfoPlist.strings */,
				C2A37D8416F24F1B00ED5820 /* Tetris-Prefix.pch */,
				C2A37D8516F24F1B00ED5820 /* Credits.rtf */,
			);
			name = "Supporting Files";
			sourceTree = "<group>";
		};
		C2D5415F170EEA7900AB642A /* audio */ = {
			isa = PBXGroup;
			children = (
				C2D54162170EEAAD00AB642A /* harddrop.wav */,
				C2D54163170EEAAD00AB642A /* lineclear.wav */,
				C2D54164170EEAAD00AB642A /* tmove.wav */,
				C2D54165170EEAAD00AB642A /* trotate.wav */,
				C2D5411E17090EB000AB642A /* tetris.ogg */,
			);
			name = audio;
			sourceTree = "<group>";
		};
		C2D54160170EEA8300AB642A /* img */ = {
			isa = PBXGroup;
			children = (
				C276DA7716FB9CD6005A4DFC /* boardoutline.png */,
				C276DA7816FB9CD6005A4DFC /* boardtile.png */,
				C276DA7516FB9CC2005A4DFC /* gameover.png */,
				C2DD4D4C16F63A4A005F36B3 /* orangeblock.png */,
				C2DD4D4D16F63A4A005F36B3 /* redblock.png */,
				C2DD4D4E16F63A4A005F36B3 /* yellowblock.png */,
				C2DD4D3D16F62107005F36B3 /* blueblock.png */,
				C2DD4D3F16F62107005F36B3 /* greenblock.png */,
				C2DD4D4016F62107005F36B3 /* purpleblock.png */,
				C23704E21702754400E4AC5D /* ghostblock.png */,
				C276DA7E16FB9D56005A4DFC /* paused.png */,
				C276DA8116FBBD1A005A4DFC /* menu.png */,
				C2DD4D4B16F63A4A005F36B3 /* cyanblock.png */,
			);
			name = img;
			sourceTree = "<group>";
		};
		C2D54161170EEAA000AB642A /* font */ = {
			isa = PBXGroup;
			children = (
				C2728A2D1705959C00284863 /* November.ttf */,
			);
			name = font;
			sourceTree = "<group>";
		};
/* End PBXGroup section */

/* Begin PBXNativeTarget section */
		C2A37D7216F24F1B00ED5820 /* Tetris */ = {
			isa = PBXNativeTarget;
			buildConfigurationList = C2A37D9016F24F1C00ED5820 /* Build configuration list for PBXNativeTarget "Tetris" */;
			buildPhases = (
				C2A37D6F16F24F1B00ED5820 /* Sources */,
				C2A37D7016F24F1B00ED5820 /* Frameworks */,
				C2A37D7116F24F1B00ED5820 /* Resources */,
				C2DD4CFD16F2508C005F36B3 /* CopyFiles */,
				C2DD4D0316F2D013005F36B3 /* CopyFiles */,
				C2DD4D1F16F318C8005F36B3 /* CopyFiles */,
				C2D5411C17090C1F00AB642A /* CopyFiles */,
			);
			buildRules = (
			);
			dependencies = (
			);
			name = Tetris;
			productName = Tetris;
			productReference = C2A37D7316F24F1B00ED5820 /* Tetris.app */;
			productType = "com.apple.product-type.application";
		};
/* End PBXNativeTarget section */

/* Begin PBXProject section */
		C2A37D6B16F24F1B00ED5820 /* Project object */ = {
			isa = PBXProject;
			attributes = {
				LastUpgradeCheck = 0460;
				ORGANIZATIONNAME = "Fielding Johnston";
			};
			buildConfigurationList = C2A37D6E16F24F1B00ED5820 /* Build configuration list for PBXProject "Tetris" */;
			compatibilityVersion = "Xcode 3.2";
			developmentRegion = English;
			hasScannedForEncodings = 0;
			knownRegions = (
				en,
			);
			mainGroup = C2A37D6A16F24F1B00ED5820;
			productRefGroup = C2A37D7416F24F1B00ED5820 /* Products */;
			projectDirPath = "";
			projectRoot = "";
			targets = (
				C2A37D7216F24F1B00ED5820 /* Tetris */,
			);
		};
/* End PBXProject section */

/* Begin PBXResourcesBuildPhase section */
		C2A37D7116F24F1B00ED5820 /* Resources */ = {
			isa = PBXResourcesBuildPhase;
			buildActionMask = 2147483647;
			files = (
				C2A37D8116F24F1B00ED5820 /* InfoPlist.strings in Resources */,
				C2A37D8716F24F1B00ED5820 /* Credits.rtf in Resources */,
				C276DA7616FB9CC2005A4DFC /* gameover.png in Resources */,
				C276DA7916FB9CD6005A4DFC /* boardoutline.png in Resources */,
				C276DA7A16FB9CD6005A4DFC /* boardtile.png in Resources */,
				C276DA7F16FB9D56005A4DFC /* paused.png in Resources */,
				C276DA8216FBBD1A005A4DFC /* menu.png in Resources */,
				C23704E31702754400E4AC5D /* ghostblock.png in Resources */,
				C2728A2E1705959C00284863 /* November.ttf in Resources */,
				C2D5411F17090EB000AB642A /* tetris.ogg in Resources */,
				C2D54166170EEAAD00AB642A /* harddrop.wav in Resources */,
				C2D54167170EEAAD00AB642A /* lineclear.wav in Resources */,
				C2D54168170EEAAD00AB642A /* tmove.wav in Resources */,
				C2D54169170EEAAD00AB642A /* trotate.wav in Resources */,
				C240036B17123FA2003BF14B /* bloxIcon.icns in Resources */,
			);
			runOnlyForDeploymentPostprocessing = 0;
		};
/* End PBXResourcesBuildPhase section */

/* Begin PBXSourcesBuildPhase section */
		C2A37D6F16F24F1B00ED5820 /* Sources */ = {
			isa = PBXSourcesBuildPhase;
			buildActionMask = 2147483647;
			files = (
				C2DD4D0216F250E1005F36B3 /* SDLMain.m in Sources */,
				C2080DB416F726B00028CF9A /* main.cpp in Sources */,
				C2080DB616F726E20028CF9A /* Timer.cpp in Sources */,
				C2080DB916F729370028CF9A /* Board.cpp in Sources */,
				C2080DBC16F729B20028CF9A /* Block.cpp in Sources */,
				C2080DBF16F72A050028CF9A /* Tetrimino.cpp in Sources */,
				C2080DC216F72F690028CF9A /* Constants.cpp in Sources */,
				C20CF58116FE4A320088459F /* Bag.cpp in Sources */,
				C20CF5A81700F3220088459F /* GameEngine.cpp in Sources */,
				C20CF5AC17010F620088459F /* PlayState.cpp in Sources */,
				C20CF5B617015B710088459F /* MenuState.cpp in Sources */,
				C20CF5B917015CEE0088459F /* PauseState.cpp in Sources */,
				C20CF5BC17015CFD0088459F /* GameOverState.cpp in Sources */,
				C2D5412A17094BDF00AB642A /* SDLAudio.cpp in Sources */,
				C2D5412D170954E900AB642A /* Locator.cpp in Sources */,
				C24003701714E970003BF14B /* SoundAssetCache.cpp in Sources */,
			);
			runOnlyForDeploymentPostprocessing = 0;
		};
/* End PBXSourcesBuildPhase section */

/* Begin PBXVariantGroup section */
		C2A37D7F16F24F1B00ED5820 /* InfoPlist.strings */ = {
			isa = PBXVariantGroup;
			children = (
				C2A37D8016F24F1B00ED5820 /* en */,
			);
			name = InfoPlist.strings;
			sourceTree = "<group>";
		};
		C2A37D8516F24F1B00ED5820 /* Credits.rtf */ = {
			isa = PBXVariantGroup;
			children = (
				C2A37D8616F24F1B00ED5820 /* en */,
			);
			name = Credits.rtf;
			sourceTree = "<group>";
		};
/* End PBXVariantGroup section */

/* Begin XCBuildConfiguration section */
		C2A37D8E16F24F1C00ED5820 /* Debug */ = {
			isa = XCBuildConfiguration;
			buildSettings = {
				ALWAYS_SEARCH_USER_PATHS = NO;
				ARCHS = "$(ARCHS_STANDARD_64_BIT)";
				CLANG_CXX_LANGUAGE_STANDARD = "gnu++0x";
				CLANG_CXX_LIBRARY = "libc++";
				CLANG_WARN_CONSTANT_CONVERSION = YES;
				CLANG_WARN_EMPTY_BODY = YES;
				CLANG_WARN_ENUM_CONVERSION = YES;
				CLANG_WARN_INT_CONVERSION = YES;
				CLANG_WARN__DUPLICATE_METHOD_MATCH = YES;
				COPY_PHASE_STRIP = NO;
				GCC_C_LANGUAGE_STANDARD = gnu99;
				GCC_DYNAMIC_NO_PIC = NO;
				GCC_ENABLE_OBJC_EXCEPTIONS = YES;
				GCC_OPTIMIZATION_LEVEL = 0;
				GCC_PREPROCESSOR_DEFINITIONS = (
					"DEBUG=1",
					"$(inherited)",
				);
				GCC_SYMBOLS_PRIVATE_EXTERN = NO;
				GCC_WARN_64_TO_32_BIT_CONVERSION = YES;
				GCC_WARN_ABOUT_RETURN_TYPE = YES;
				GCC_WARN_UNINITIALIZED_AUTOS = YES;
				GCC_WARN_UNUSED_VARIABLE = YES;
				MACOSX_DEPLOYMENT_TARGET = 10.7;
				ONLY_ACTIVE_ARCH = YES;
				SDKROOT = macosx;
			};
			name = Debug;
		};
		C2A37D8F16F24F1C00ED5820 /* Release */ = {
			isa = XCBuildConfiguration;
			buildSettings = {
				ALWAYS_SEARCH_USER_PATHS = NO;
				ARCHS = "$(ARCHS_STANDARD_64_BIT)";
				CLANG_CXX_LANGUAGE_STANDARD = "gnu++0x";
				CLANG_CXX_LIBRARY = "libc++";
				CLANG_WARN_CONSTANT_CONVERSION = YES;
				CLANG_WARN_EMPTY_BODY = YES;
				CLANG_WARN_ENUM_CONVERSION = YES;
				CLANG_WARN_INT_CONVERSION = YES;
				CLANG_WARN__DUPLICATE_METHOD_MATCH = YES;
				COPY_PHASE_STRIP = YES;
				DEBUG_INFORMATION_FORMAT = "dwarf-with-dsym";
				GCC_C_LANGUAGE_STANDARD = gnu99;
				GCC_ENABLE_OBJC_EXCEPTIONS = YES;
				GCC_WARN_64_TO_32_BIT_CONVERSION = YES;
				GCC_WARN_ABOUT_RETURN_TYPE = YES;
				GCC_WARN_UNINITIALIZED_AUTOS = YES;
				GCC_WARN_UNUSED_VARIABLE = YES;
				MACOSX_DEPLOYMENT_TARGET = 10.7;
				SDKROOT = macosx;
			};
			name = Release;
		};
		C2A37D9116F24F1C00ED5820 /* Debug */ = {
			isa = XCBuildConfiguration;
			buildSettings = {
				COMBINE_HIDPI_IMAGES = YES;
				FRAMEWORK_SEARCH_PATHS = /Library/Frameworks;
				GCC_PRECOMPILE_PREFIX_HEADER = YES;
				GCC_PREFIX_HEADER = "Tetris/Tetris-Prefix.pch";
				HEADER_SEARCH_PATHS = (
					/Library/Frameworks/SDL_image.framework/Headers,
					/Library/Frameworks/SDL.framework/Headers,
					/usr/local/include/SDL,
					/Library/Frameworks/SDL_mixer.framework/Headers,
				);
				INFOPLIST_FILE = "Tetris/Tetris-Info.plist";
				LD_RUNPATH_SEARCH_PATHS = "@executable_path/../Frameworks";
				LIBRARY_SEARCH_PATHS = (
					"$(inherited)",
					/usr/local/Cellar/sdl_ttf/2.0.11/lib,
				);
				PRODUCT_NAME = "$(TARGET_NAME)";
				WRAPPER_EXTENSION = app;
			};
			name = Debug;
		};
		C2A37D9216F24F1C00ED5820 /* Release */ = {
			isa = XCBuildConfiguration;
			buildSettings = {
				COMBINE_HIDPI_IMAGES = YES;
				FRAMEWORK_SEARCH_PATHS = /Library/Frameworks;
				GCC_PRECOMPILE_PREFIX_HEADER = YES;
				GCC_PREFIX_HEADER = "Tetris/Tetris-Prefix.pch";
				HEADER_SEARCH_PATHS = (
					/Library/Frameworks/SDL_image.framework/Headers,
					/Library/Frameworks/SDL.framework/Headers,
					/usr/local/include/SDL,
					/Library/Frameworks/SDL_mixer.framework/Headers,
				);
				INFOPLIST_FILE = "Tetris/Tetris-Info.plist";
				LD_RUNPATH_SEARCH_PATHS = "@executable_path/../Frameworks";
				LIBRARY_SEARCH_PATHS = (
					"$(inherited)",
					/usr/local/Cellar/sdl_ttf/2.0.11/lib,
				);
				PRODUCT_NAME = "$(TARGET_NAME)";
				WRAPPER_EXTENSION = app;
			};
			name = Release;
		};
/* End XCBuildConfiguration section */

/* Begin XCConfigurationList section */
		C2A37D6E16F24F1B00ED5820 /* Build configuration list for PBXProject "Tetris" */ = {
			isa = XCConfigurationList;
			buildConfigurations = (
				C2A37D8E16F24F1C00ED5820 /* Debug */,
				C2A37D8F16F24F1C00ED5820 /* Release */,
			);
			defaultConfigurationIsVisible = 0;
			defaultConfigurationName = Release;
		};
		C2A37D9016F24F1C00ED5820 /* Build configuration list for PBXNativeTarget "Tetris" */ = {
			isa = XCConfigurationList;
			buildConfigurations = (
				C2A37D9116F24F1C00ED5820 /* Debug */,
				C2A37D9216F24F1C00ED5820 /* Release */,
			);
			defaultConfigurationIsVisible = 0;
			defaultConfigurationName = Release;
		};
/* End XCConfigurationList section */
	};
	rootObject = C2A37D6B16F24F1B00ED5820 /* Project object */;
}
